{
  "version": 2,
  "dependencies": {
    "net8.0": {
      "Microsoft.NET.Test.Sdk": {
        "type": "Direct",
        "requested": "[17.10.0, )",
        "resolved": "17.10.0",
        "contentHash": "0/2HeACkaHEYU3wc83YlcD2Fi4LMtECJjqrtvw0lPi9DCEa35zSPt1j4fuvM8NagjDqJuh1Ja35WcRtn1Um6/A==",
        "dependencies": {
          "Microsoft.CodeCoverage": "17.10.0",
          "Microsoft.TestPlatform.TestHost": "17.10.0"
        }
      },
      "Shouldly": {
        "type": "Direct",
        "requested": "[4.3.0, )",
        "resolved": "4.3.0",
        "contentHash": "sDetrWXrl6YXZ4HeLsdBoNk3uIa7K+V4uvIJ+cqdRa5DrFxeTED7VkjoxCuU1kJWpUuBDZz2QXFzSxBtVXLwRQ==",
        "dependencies": {
          "DiffEngine": "11.3.0",
          "EmptyFiles": "4.4.0"
        }
      },
      "TestableIO.System.IO.Abstractions.TestingHelpers": {
        "type": "Direct",
        "requested": "[21.0.26, )",
        "resolved": "21.0.26",
        "contentHash": "nD1TOb7ckeX9zTQHUIfErWMTBSR3VtTLdNBViIokc1Yshiw9doW1IjXJaZq/5q/Lp1DVKBvnrYd2iGphwNovyA==",
        "dependencies": {
          "TestableIO.System.IO.Abstractions": "21.0.26",
          "TestableIO.System.IO.Abstractions.Wrappers": "21.0.26"
        }
      },
      "xunit": {
        "type": "Direct",
        "requested": "[2.9.0, )",
        "resolved": "2.9.0",
        "contentHash": "PtU3rZ0ThdmdJqTbK7GkgFf6iBaCR6Q0uvJHznID+XEYk2v6O/b7sRxqnbi3B2gRDXxjTqMkVNayzwsqsFUxRw==",
        "dependencies": {
          "xunit.analyzers": "1.15.0",
          "xunit.assert": "2.9.0",
          "xunit.core": "[2.9.0]"
        }
      },
      "xunit.runner.visualstudio": {
        "type": "Direct",
        "requested": "[2.8.2, )",
        "resolved": "2.8.2",
        "contentHash": "vm1tbfXhFmjFMUmS4M0J0ASXz3/U5XvXBa6DOQUL3fEz4Vt6YPhv+ESCarx6M6D+9kJkJYZKCNvJMas1+nVfmQ=="
      },
      "DiffEngine": {
        "type": "Transitive",
        "resolved": "11.3.0",
        "contentHash": "k0ZgZqd09jLZQjR8FyQbSQE86Q7QZnjEzq1LPHtj1R2AoWO8sjV5x+jlSisL7NZAbUOI4y+7Bog8gkr9WIRBGw==",
        "dependencies": {
          "EmptyFiles": "4.4.0",
          "System.Management": "6.0.1"
        }
      },
      "EmptyFiles": {
        "type": "Transitive",
        "resolved": "4.4.0",
        "contentHash": "gwJEfIGS7FhykvtZoscwXj/XwW+mJY6UbAZk+qtLKFUGWC95kfKXnj8VkxsZQnWBxJemM/q664rGLN5nf+OHZw=="
      },
      "Flurl": {
        "type": "Transitive",
        "resolved": "4.0.0",
        "contentHash": "rpts69yYgvJqg6PPgqShBQEZ4aNzWQqWpWppcT0oDWxDCIsBqiod4pj6LQZdhk+1OozLFagemldMRACdHF3CsA=="
      },
      "Microsoft.CodeCoverage": {
        "type": "Transitive",
        "resolved": "17.10.0",
        "contentHash": "yC7oSlnR54XO5kOuHlVOKtxomNNN1BWXX8lK1G2jaPXT9sUok7kCOoA4Pgs0qyFaCtMrNsprztYMeoEGqCm4uA=="
      },
      "Microsoft.Extensions.Configuration": {
        "type": "Transitive",
        "resolved": "8.0.0",
        "contentHash": "0J/9YNXTMWSZP2p2+nvl8p71zpSwokZXZuJW+VjdErkegAnFdO1XlqtA62SJtgVYHdKu3uPxJHcMR/r35HwFBA==",
        "dependencies": {
          "Microsoft.Extensions.Configuration.Abstractions": "8.0.0",
          "Microsoft.Extensions.Primitives": "8.0.0"
        }
      },
      "Microsoft.Extensions.Configuration.Abstractions": {
        "type": "Transitive",
        "resolved": "8.0.0",
        "contentHash": "3lE/iLSutpgX1CC0NOW70FJoGARRHbyKmG7dc0klnUZ9Dd9hS6N/POPWhKhMLCEuNN5nXEY5agmlFtH562vqhQ==",
        "dependencies": {
          "Microsoft.Extensions.Primitives": "8.0.0"
        }
      },
      "Microsoft.Extensions.Configuration.Binder": {
        "type": "Transitive",
        "resolved": "8.0.0",
        "contentHash": "mBMoXLsr5s1y2zOHWmKsE9veDcx8h1x/c3rz4baEdQKTeDcmQAPNbB54Pi/lhFO3K431eEq6PFbMgLaa6PHFfA==",
        "dependencies": {
          "Microsoft.Extensions.Configuration.Abstractions": "8.0.0"
        }
      },
      "Microsoft.Extensions.DependencyInjection.Abstractions": {
        "type": "Transitive",
        "resolved": "8.0.0",
        "contentHash": "cjWrLkJXK0rs4zofsK4bSdg+jhDLTaxrkXu4gS6Y7MAlCvRyNNgwY/lJi5RDlQOnSZweHqoyvgvbdvQsRIW+hg=="
      },
      "Microsoft.Extensions.Options": {
        "type": "Transitive",
        "resolved": "8.0.0",
        "contentHash": "JOVOfqpnqlVLUzINQ2fox8evY2SKLYJ3BV8QDe/Jyp21u1T7r45x/R/5QdteURMR5r01GxeJSBBUOCOyaNXA3g==",
        "dependencies": {
          "Microsoft.Extensions.DependencyInjection.Abstractions": "8.0.0",
          "Microsoft.Extensions.Primitives": "8.0.0"
        }
      },
      "Microsoft.Extensions.Primitives": {
        "type": "Transitive",
        "resolved": "8.0.0",
        "contentHash": "bXJEZrW9ny8vjMF1JV253WeLhpEVzFo1lyaZu1vQ4ZxWUlVvknZ/+ftFgVheLubb4eZPSwwxBeqS1JkCOjxd8g=="
      },
      "Microsoft.TestPlatform.ObjectModel": {
        "type": "Transitive",
        "resolved": "17.10.0",
        "contentHash": "KkwhjQevuDj0aBRoPLY6OLAhGqbPUEBuKLbaCs0kUVw29qiOYncdORd4mLVJbn9vGZ7/iFGQ/+AoJl0Tu5Umdg==",
        "dependencies": {
          "System.Reflection.Metadata": "1.6.0"
        }
      },
      "Microsoft.TestPlatform.TestHost": {
        "type": "Transitive",
        "resolved": "17.10.0",
        "contentHash": "LWpMdfqhHvcUkeMCvNYJO8QlPLlYz9XPPb+ZbaXIKhdmjAV0wqTSrTiW5FLaf7RRZT50AQADDOYMOe0HxDxNgA==",
        "dependencies": {
          "Microsoft.TestPlatform.ObjectModel": "17.10.0",
          "Newtonsoft.Json": "13.0.1"
        }
      },
      "Newtonsoft.Json": {
        "type": "Transitive",
        "resolved": "13.0.1",
        "contentHash": "ppPFpBcvxdsfUonNcvITKqLl3bqxWbDCZIzDWHzjpdAHRFfZe0Dw9HmA0+za13IdyrgJwpkDTDA9fHaxOrt20A=="
      },
      "System.CodeDom": {
        "type": "Transitive",
        "resolved": "6.0.0",
        "contentHash": "CPc6tWO1LAer3IzfZufDBRL+UZQcj5uS207NHALQzP84Vp/z6wF0Aa0YZImOQY8iStY0A2zI/e3ihKNPfUm8XA=="
      },
      "System.Management": {
        "type": "Transitive",
        "resolved": "6.0.1",
        "contentHash": "10J1D0h/lioojphfJ4Fuh5ZUThT/xOVHdV9roGBittKKNP2PMjrvibEdbVTGZcPra1399Ja3tqIJLyQrc5Wmhg==",
        "dependencies": {
          "System.CodeDom": "6.0.0"
        }
      },
      "System.Reflection.Metadata": {
        "type": "Transitive",
        "resolved": "1.6.0",
        "contentHash": "COC1aiAJjCoA5GBF+QKL2uLqEBew4JsCkQmoHKbN3TlOZKa2fKLz5CpiRQKDz0RsAOEGsVKqOD5bomsXq/4STQ=="
      },
      "TestableIO.System.IO.Abstractions": {
        "type": "Transitive",
        "resolved": "21.0.26",
        "contentHash": "6XwIymB/HIHdu4UAWcW+kP1Q4untd4T01leOfPYObKzwoqKOfXTw6GneBpQZ5TLAq9TUc2yS4j6asK2e2NNXog=="
      },
      "xunit.abstractions": {
        "type": "Transitive",
        "resolved": "2.0.3",
        "contentHash": "pot1I4YOxlWjIb5jmwvvQNbTrZ3lJQ+jUGkGjWE3hEFM0l5gOnBWS+H3qsex68s5cO52g+44vpGzhAt+42vwKg=="
      },
      "xunit.analyzers": {
        "type": "Transitive",
        "resolved": "1.15.0",
        "contentHash": "s+M8K/Rtlgr6CmD7AYQKrNTvT5sh0l0ZKDoZ3Z/ExhlIwfV9mGAMR4f7KqIB7SSK7ZOhqDTgTUMYPmKfmvWUWQ=="
      },
      "xunit.assert": {
        "type": "Transitive",
        "resolved": "2.9.0",
        "contentHash": "Z/1pyia//860wEYTKn6Q5dmgikJdRjgE4t5AoxJkK8oTmidzPLEPG574kmm7LFkMLbH6Frwmgb750kcyR+hwoA=="
      },
      "xunit.core": {
        "type": "Transitive",
        "resolved": "2.9.0",
        "contentHash": "uRaop9tZsZMCaUS4AfbSPGYHtvywWnm8XXFNUqII7ShWyDBgdchY6gyDNgO4AK1Lv/1NNW61Zq63CsDV6oH6Jg==",
        "dependencies": {
          "xunit.extensibility.core": "[2.9.0]",
          "xunit.extensibility.execution": "[2.9.0]"
        }
      },
      "xunit.extensibility.core": {
        "type": "Transitive",
        "resolved": "2.9.0",
        "contentHash": "zjDEUSxsr6UNij4gIwCgMqQox+oLDPRZ+mubwWLci+SssPBFQD1xeRR4SvgBuXqbE0QXCJ/STVTp+lxiB5NLVA==",
        "dependencies": {
          "xunit.abstractions": "2.0.3"
        }
      },
      "xunit.extensibility.execution": {
        "type": "Transitive",
        "resolved": "2.9.0",
        "contentHash": "5ZTQZvmPLlBw6QzCOwM0KnMsZw6eGjbmC176QHZlcbQoMhGIeGcYzYwn5w9yXxf+4phtplMuVqTpTbFDQh2bqQ==",
        "dependencies": {
          "xunit.extensibility.core": "[2.9.0]"
        }
      },
      "portal-cli": {
        "type": "Project",
        "dependencies": {
          "Flurl.Http": "[4.0.2, )",
          "Microsoft.Extensions.Configuration.EnvironmentVariables": "[8.0.0, )",
          "Microsoft.Extensions.DependencyInjection": "[8.0.0, )",
          "Microsoft.Extensions.Options.ConfigurationExtensions": "[8.0.0, )",
          "Pastel": "[5.1.0, )",
          "System.CommandLine": "[2.0.0-beta4.22272.1, )",
          "TestableIO.System.IO.Abstractions.Wrappers": "[21.0.26, )"
        }
      },
      "Flurl.Http": {
        "type": "CentralTransitive",
        "requested": "[4.0.2, )",
        "resolved": "4.0.2",
        "contentHash": "9vCqFFyceA11yplkFD8AbCFFTvG1Lrw3tpsgOpL5sLUc28p6zcvGszNleuT6nDymRvtt5eS+rqUX+bRztg1fhA==",
        "dependencies": {
          "Flurl": "4.0.0"
        }
      },
      "Microsoft.Extensions.Configuration.EnvironmentVariables": {
        "type": "CentralTransitive",
        "requested": "[8.0.0, )",
        "resolved": "8.0.0",
        "contentHash": "plvZ0ZIpq+97gdPNNvhwvrEZ92kNml9hd1pe3idMA7svR0PztdzVLkoWLcRFgySYXUJc3kSM3Xw3mNFMo/bxRA==",
        "dependencies": {
          "Microsoft.Extensions.Configuration": "8.0.0",
          "Microsoft.Extensions.Configuration.Abstractions": "8.0.0"
        }
      },
      "Microsoft.Extensions.DependencyInjection": {
        "type": "CentralTransitive",
        "requested": "[8.0.0, )",
        "resolved": "8.0.0",
        "contentHash": "V8S3bsm50ig6JSyrbcJJ8bW2b9QLGouz+G1miK3UTaOWmMtFwNNNzUf4AleyDWUmTrWMLNnFSLEQtxmxgNQnNQ==",
        "dependencies": {
          "Microsoft.Extensions.DependencyInjection.Abstractions": "8.0.0"
        }
      },
      "Microsoft.Extensions.Options.ConfigurationExtensions": {
        "type": "CentralTransitive",
        "requested": "[8.0.0, )",
        "resolved": "8.0.0",
        "contentHash": "0f4DMRqEd50zQh+UyJc+/HiBsZ3vhAQALgdkcQEalSH1L2isdC7Yj54M3cyo5e+BeO5fcBQ7Dxly8XiBBcvRgw==",
        "dependencies": {
          "Microsoft.Extensions.Configuration.Abstractions": "8.0.0",
          "Microsoft.Extensions.Configuration.Binder": "8.0.0",
          "Microsoft.Extensions.DependencyInjection.Abstractions": "8.0.0",
          "Microsoft.Extensions.Options": "8.0.0",
          "Microsoft.Extensions.Primitives": "8.0.0"
        }
      },
      "Pastel": {
        "type": "CentralTransitive",
        "requested": "[5.1.0, )",
        "resolved": "5.1.0",
        "contentHash": "jQ0fTkHZvgQsmbr5qU0IdCP1PWuUfmEmekIsTwysWK/iIwmT9Mbm0x5GpjYSTEwHTNVEpjYhBhyKVdzESgRCpg=="
      },
      "System.CommandLine": {
        "type": "CentralTransitive",
        "requested": "[2.0.0-beta4.22272.1, )",
        "resolved": "2.0.0-beta4.22272.1",
        "contentHash": "1uqED/q2H0kKoLJ4+hI2iPSBSEdTuhfCYADeJrAqERmiGQ2NNacYKRNEQ+gFbU4glgVyK8rxI+ZOe1onEtr/Pg=="
      },
      "TestableIO.System.IO.Abstractions.Wrappers": {
        "type": "CentralTransitive",
        "requested": "[21.0.26, )",
        "resolved": "21.0.26",
        "contentHash": "lvrJF2Oz/4vp5rVIndW9RC/cxGfErnE+Bt/jVNFu7/po+7n8UNZDjgUGrbRGtQfW6zkaUPx/WTONT1Tf9iacdQ==",
        "dependencies": {
          "TestableIO.System.IO.Abstractions": "21.0.26"
        }
      }
    }
  }
}